
Microsoft Visual Studio Solution File, Format Version 12.00
# Visual Studio Version 17
VisualStudioVersion = 17.8.34525.116
MinimumVisualStudioVersion = 10.0.40219.1
Project("{8BC9CEB8-8B4A-11D0-8D11-00A0C91BC942}") = "UNI-Memory-Musseum", "UNI-Memory-Musseum.vcxproj", "{326C0C40-93F5-414D-AE5A-BF133246971C}"
EndProject
Global
	GlobalSection(SolutionConfigurationPlatforms) = preSolution
		Debug|x64 = Debug|x64
		Debug|x86 = Debug|x86
		Release|x64 = Release|x64
		Release|x86 = Release|x86
	EndGlobalSection
	GlobalSection(ProjectConfigurationPlatforms) = postSolution
		{326C0C40-93F5-414D-AE5A-BF133246971C}.Debug|x64.ActiveCfg = Debug|x64
		{326C0C40-93F5-414D-AE5A-BF133246971C}.Debug|x64.Build.0 = Debug|x64
		{326C0C40-93F5-414D-AE5A-BF133246971C}.Debug|x86.ActiveCfg = Debug|Win32
		{326C0C40-93F5-414D-AE5A-BF133246971C}.Debug|x86.Build.0 = Debug|Win32
		{326C0C40-93F5-414D-AE5A-BF133246971C}.Release|x64.ActiveCfg = Release|x64
		{326C0C40-93F5-414D-AE5A-BF133246971C}.Release|x64.Build.0 = Release|x64
		{326C0C40-93F5-414D-AE5A-BF133246971C}.Release|x86.ActiveCfg = Release|Win32
		{326C0C40-93F5-414D-AE5A-BF133246971C}.Release|x86.Build.0 = Release|Win32
	EndGlobalSection
	GlobalSection(SolutionProperties) = preSolution
		HideSolutionNode = FALSE
	EndGlobalSection
	GlobalSection(ExtensibilityGlobals) = postSolution
		SolutionGuid = {C0892217-75E8-4C1C-B04E-1D977B87D1B6}
	EndGlobalSection
EndGlobal
